{
  "name": "ws-daemon",
  "version": "0.0.1",
  "lockfileVersion": 1,
  "requires": true,
  "dependencies": {
    "getenv": {
      "version": "1.0.0",
      "resolved": "https://registry.npmjs.org/getenv/-/getenv-1.0.0.tgz",
      "integrity": "sha512-7yetJWqbS9sbn0vIfliPsFgoXMKn/YMF+Wuiog97x+urnSRRRZ7xB+uVkwGKzRgq9CDFfMQnE9ruL5DHv9c6Xg=="
    },
    "reconnecting-websocket": {
      "version": "4.4.0",
      "resolved": "https://registry.npmjs.org/reconnecting-websocket/-/reconnecting-websocket-4.4.0.tgz",
      "integrity": "sha512-D2E33ceRPga0NvTDhJmphEgJ7FUYF0v4lr1ki0csq06OdlxKfugGzN0dSkxM/NfqCxYELK4KcaTOUOjTV6Dcng=="
    },
    "ws": {
      "version": "7.3.1",
      "resolved": "https://registry.npmjs.org/ws/-/ws-7.3.1.tgz",
      "integrity": "sha512-D3RuNkynyHmEJIpD2qrgVkc9DQ23OrN/moAwZX4L8DfvszsJxpjQuUq3LMx6HoYji9fbIOBY18XWBsAux1ZZUA=="
    }
  }
}
