{
  "requires": true,
  "lockfileVersion": 1,
  "dependencies": {
    "getenv": {
      "version": "1.0.0",
      "resolved": "https://registry.npmjs.org/getenv/-/getenv-1.0.0.tgz",
      "integrity": "sha512-7yetJWqbS9sbn0vIfliPsFgoXMKn/YMF+Wuiog97x+urnSRRRZ7xB+uVkwGKzRgq9CDFfMQnE9ruL5DHv9c6Xg=="
    },
    "ws": {
      "version": "7.3.1",
      "resolved": "https://registry.npmjs.org/ws/-/ws-7.3.1.tgz",
      "integrity": "sha512-D3RuNkynyHmEJIpD2qrgVkc9DQ23OrN/moAwZX4L8DfvszsJxpjQuUq3LMx6HoYji9fbIOBY18XWBsAux1ZZUA=="
    }
  }
}
